dependencies:
- name: openebs-crds
  repository: ""
  version: 4.1.2
- name: localpv-provisioner
  repository: https://openebs.github.io/dynamic-localpv-provisioner
  version: 4.1.2
- name: zfs-localpv
  repository: https://openebs.github.io/zfs-localpv
  version: 2.6.2
- name: lvm-localpv
  repository: https://openebs.github.io/lvm-localpv
  version: 1.6.2
- name: mayastor
  repository: https://openebs.github.io/mayastor-extensions
  version: 2.7.2
digest: sha256:23efd81b6e02741066a3123b1b3b35d2e054859444b79c617e57f7ae2122a64f
generated: "2025-01-10T15:10:33.13691241Z"
